
Microsoft Visual Studio Solution File, Format Version 12.00
Project("{FAE04EC0-301F-11D3-BF4B-00C04F79EFBC}") = "InfinityPeak", "InfinityPeak\InfinityPeak.csproj", "{99052920-65AE-468A-9D35-D67DAE5E332F}"
EndProject
Global
	GlobalSection(SolutionConfigurationPlatforms) = preSolution
		Debug|Any CPU = Debug|Any CPU
		Release|Any CPU = Release|Any CPU
	EndGlobalSection
	GlobalSection(ProjectConfigurationPlatforms) = postSolution
		{99052920-65AE-468A-9D35-D67DAE5E332F}.Debug|Any CPU.ActiveCfg = Debug|Any CPU
		{99052920-65AE-468A-9D35-D67DAE5E332F}.Debug|Any CPU.Build.0 = Debug|Any CPU
		{99052920-65AE-468A-9D35-D67DAE5E332F}.Release|Any CPU.ActiveCfg = Release|Any CPU
		{99052920-65AE-468A-9D35-D67DAE5E332F}.Release|Any CPU.Build.0 = Release|Any CPU
	EndGlobalSection
EndGlobal
